
Microsoft Visual Studio Solution File, Format Version 12.00
# Visual Studio 15
VisualStudioVersion = 15.0.27703.2026
MinimumVisualStudioVersion = 10.0.40219.1
Project("{FAE04EC0-301F-11D3-BF4B-00C04F79EFBC}") = "PostalCodesWpf", "PostalCodesWpf\PostalCodesWpf.csproj", "{1D8E7E4B-7837-47EC-9139-397B19296DB1}"
EndProject
Global
	GlobalSection(SolutionConfigurationPlatforms) = preSolution
		Debug|Any CPU = Debug|Any CPU
		Release|Any CPU = Release|Any CPU
	EndGlobalSection
	GlobalSection(ProjectConfigurationPlatforms) = postSolution
		{1D8E7E4B-7837-47EC-9139-397B19296DB1}.Debug|Any CPU.ActiveCfg = Debug|Any CPU
		{1D8E7E4B-7837-47EC-9139-397B19296DB1}.Debug|Any CPU.Build.0 = Debug|Any CPU
		{1D8E7E4B-7837-47EC-9139-397B19296DB1}.Release|Any CPU.ActiveCfg = Release|Any CPU
		{1D8E7E4B-7837-47EC-9139-397B19296DB1}.Release|Any CPU.Build.0 = Release|Any CPU
	EndGlobalSection
	GlobalSection(SolutionProperties) = preSolution
		HideSolutionNode = FALSE
	EndGlobalSection
	GlobalSection(ExtensibilityGlobals) = postSolution
		SolutionGuid = {52C34119-1EC0-49DE-AF56-1FAA01A99DE1}
	EndGlobalSection
EndGlobal
