
Microsoft Visual Studio Solution File, Format Version 12.00
# Visual Studio 15
VisualStudioVersion = 15.0.28010.2036
MinimumVisualStudioVersion = 10.0.40219.1
Project("{FAE04EC0-301F-11D3-BF4B-00C04F79EFBC}") = "ImagePinchLeap", "ImagePinchLeap\ImagePinchLeap.csproj", "{C848F533-A401-4687-AA9E-FEB0A4AA5BBD}"
EndProject
Project("{FAE04EC0-301F-11D3-BF4B-00C04F79EFBC}") = "FingersTrackerLeap", "FingersTrackerLeap\FingersTrackerLeap.csproj", "{77CFA1F6-013A-4A75-971C-1A70701FE5A1}"
EndProject
Project("{FAE04EC0-301F-11D3-BF4B-00C04F79EFBC}") = "AirCanvasLeap", "AirCanvasLeap\AirCanvasLeap.csproj", "{1F044F1C-B189-4AE9-B7BB-C02A6D52BFF4}"
EndProject
Global
	GlobalSection(SolutionConfigurationPlatforms) = preSolution
		Debug|Any CPU = Debug|Any CPU
		Release|Any CPU = Release|Any CPU
	EndGlobalSection
	GlobalSection(ProjectConfigurationPlatforms) = postSolution
		{C848F533-A401-4687-AA9E-FEB0A4AA5BBD}.Debug|Any CPU.ActiveCfg = Debug|Any CPU
		{C848F533-A401-4687-AA9E-FEB0A4AA5BBD}.Debug|Any CPU.Build.0 = Debug|Any CPU
		{C848F533-A401-4687-AA9E-FEB0A4AA5BBD}.Release|Any CPU.ActiveCfg = Release|Any CPU
		{C848F533-A401-4687-AA9E-FEB0A4AA5BBD}.Release|Any CPU.Build.0 = Release|Any CPU
		{77CFA1F6-013A-4A75-971C-1A70701FE5A1}.Debug|Any CPU.ActiveCfg = Debug|Any CPU
		{77CFA1F6-013A-4A75-971C-1A70701FE5A1}.Debug|Any CPU.Build.0 = Debug|Any CPU
		{77CFA1F6-013A-4A75-971C-1A70701FE5A1}.Release|Any CPU.ActiveCfg = Release|Any CPU
		{77CFA1F6-013A-4A75-971C-1A70701FE5A1}.Release|Any CPU.Build.0 = Release|Any CPU
		{1F044F1C-B189-4AE9-B7BB-C02A6D52BFF4}.Debug|Any CPU.ActiveCfg = Debug|Any CPU
		{1F044F1C-B189-4AE9-B7BB-C02A6D52BFF4}.Debug|Any CPU.Build.0 = Debug|Any CPU
		{1F044F1C-B189-4AE9-B7BB-C02A6D52BFF4}.Release|Any CPU.ActiveCfg = Release|Any CPU
		{1F044F1C-B189-4AE9-B7BB-C02A6D52BFF4}.Release|Any CPU.Build.0 = Release|Any CPU
	EndGlobalSection
	GlobalSection(SolutionProperties) = preSolution
		HideSolutionNode = FALSE
	EndGlobalSection
	GlobalSection(ExtensibilityGlobals) = postSolution
		SolutionGuid = {D3950F8A-3030-4704-8689-8FAFF946C77E}
	EndGlobalSection
EndGlobal
