
Microsoft Visual Studio Solution File, Format Version 12.00
# Visual Studio 14
VisualStudioVersion = 14.0.24720.0
MinimumVisualStudioVersion = 10.0.40219.1
Project("{FAE04EC0-301F-11D3-BF4B-00C04F79EFBC}") = "FingersTracker", "FingersTracker\FingersTracker.csproj", "{BD2DD7B8-7BA8-4CF6-84F6-98E70567E28B}"
EndProject
Project("{FAE04EC0-301F-11D3-BF4B-00C04F79EFBC}") = "ImagePinchLeap", "ImagePinchLeap\ImagePinchLeap.csproj", "{4B502E4E-284E-40FE-98F4-2664AA147F35}"
EndProject
Global
	GlobalSection(SolutionConfigurationPlatforms) = preSolution
		Debug|Any CPU = Debug|Any CPU
		Release|Any CPU = Release|Any CPU
	EndGlobalSection
	GlobalSection(ProjectConfigurationPlatforms) = postSolution
		{BD2DD7B8-7BA8-4CF6-84F6-98E70567E28B}.Debug|Any CPU.ActiveCfg = Debug|Any CPU
		{BD2DD7B8-7BA8-4CF6-84F6-98E70567E28B}.Debug|Any CPU.Build.0 = Debug|Any CPU
		{BD2DD7B8-7BA8-4CF6-84F6-98E70567E28B}.Release|Any CPU.ActiveCfg = Release|Any CPU
		{BD2DD7B8-7BA8-4CF6-84F6-98E70567E28B}.Release|Any CPU.Build.0 = Release|Any CPU
		{4B502E4E-284E-40FE-98F4-2664AA147F35}.Debug|Any CPU.ActiveCfg = Debug|Any CPU
		{4B502E4E-284E-40FE-98F4-2664AA147F35}.Debug|Any CPU.Build.0 = Debug|Any CPU
		{4B502E4E-284E-40FE-98F4-2664AA147F35}.Release|Any CPU.ActiveCfg = Release|Any CPU
		{4B502E4E-284E-40FE-98F4-2664AA147F35}.Release|Any CPU.Build.0 = Release|Any CPU
	EndGlobalSection
	GlobalSection(SolutionProperties) = preSolution
		HideSolutionNode = FALSE
	EndGlobalSection
EndGlobal
