
Microsoft Visual Studio Solution File, Format Version 12.00
# Visual Studio 14
VisualStudioVersion = 14.0.24720.0
MinimumVisualStudioVersion = 10.0.40219.1
Project("{FAE04EC0-301F-11D3-BF4B-00C04F79EFBC}") = "BmiWpf1", "BmiWpf1\BmiWpf1.csproj", "{2C67AAD0-0ABD-43BD-BBC1-363ABE2841C7}"
EndProject
Project("{FAE04EC0-301F-11D3-BF4B-00C04F79EFBC}") = "BmiWpf2", "BmiWpf2\BmiWpf2.csproj", "{3047D8BC-275D-4D70-9B82-5A2EE637ADBC}"
EndProject
Global
	GlobalSection(SolutionConfigurationPlatforms) = preSolution
		Debug|Any CPU = Debug|Any CPU
		Release|Any CPU = Release|Any CPU
	EndGlobalSection
	GlobalSection(ProjectConfigurationPlatforms) = postSolution
		{2C67AAD0-0ABD-43BD-BBC1-363ABE2841C7}.Debug|Any CPU.ActiveCfg = Debug|Any CPU
		{2C67AAD0-0ABD-43BD-BBC1-363ABE2841C7}.Debug|Any CPU.Build.0 = Debug|Any CPU
		{2C67AAD0-0ABD-43BD-BBC1-363ABE2841C7}.Release|Any CPU.ActiveCfg = Release|Any CPU
		{2C67AAD0-0ABD-43BD-BBC1-363ABE2841C7}.Release|Any CPU.Build.0 = Release|Any CPU
		{3047D8BC-275D-4D70-9B82-5A2EE637ADBC}.Debug|Any CPU.ActiveCfg = Debug|Any CPU
		{3047D8BC-275D-4D70-9B82-5A2EE637ADBC}.Debug|Any CPU.Build.0 = Debug|Any CPU
		{3047D8BC-275D-4D70-9B82-5A2EE637ADBC}.Release|Any CPU.ActiveCfg = Release|Any CPU
		{3047D8BC-275D-4D70-9B82-5A2EE637ADBC}.Release|Any CPU.Build.0 = Release|Any CPU
	EndGlobalSection
	GlobalSection(SolutionProperties) = preSolution
		HideSolutionNode = FALSE
	EndGlobalSection
EndGlobal
